{
  "version": 4,
  "terraform_version": "1.9.4",
  "serial": 21,
  "lineage": "a2d9005d-b1a3-4085-f1f9-c80cbd103db4",
  "outputs": {},
  "resources": [
    {
      "mode": "managed",
      "type": "google_container_cluster",
      "name": "primary",
      "provider": "provider[\"registry.terraform.io/hashicorp/google\"]",
      "instances": [
        {
          "schema_version": 2,
          "attributes": {
            "addons_config": [
              {
                "cloudrun_config": [],
                "config_connector_config": [],
                "dns_cache_config": [],
                "gce_persistent_disk_csi_driver_config": [
                  {
                    "enabled": true
                  }
                ],
                "gcp_filestore_csi_driver_config": [],
                "gcs_fuse_csi_driver_config": [],
                "gke_backup_agent_config": [],
                "horizontal_pod_autoscaling": [],
                "http_load_balancing": [],
                "network_policy_config": [
                  {
                    "disabled": true
                  }
                ],
                "ray_operator_config": [],
                "stateful_ha_config": []
              }
            ],
            "allow_net_admin": null,
            "authenticator_groups_config": [],
            "binary_authorization": [
              {
                "enabled": false,
                "evaluation_mode": ""
              }
            ],
            "cluster_autoscaling": [
              {
                "auto_provisioning_defaults": [],
                "autoscaling_profile": "BALANCED",
                "enabled": false,
                "resource_limits": []
              }
            ],
            "cluster_ipv4_cidr": "10.100.0.0/14",
            "confidential_nodes": [],
            "cost_management_config": [],
            "database_encryption": [
              {
                "key_name": "",
                "state": "DECRYPTED"
              }
            ],
            "datapath_provider": "",
            "default_max_pods_per_node": 110,
            "default_snat_status": [
              {
                "disabled": false
              }
            ],
            "deletion_protection": true,
            "description": "",
            "dns_config": [],
            "enable_autopilot": false,
            "enable_cilium_clusterwide_network_policy": false,
            "enable_intranode_visibility": false,
            "enable_k8s_beta_apis": [],
            "enable_kubernetes_alpha": false,
            "enable_l4_ilb_subsetting": false,
            "enable_legacy_abac": false,
            "enable_multi_networking": false,
            "enable_shielded_nodes": true,
            "enable_tpu": false,
            "endpoint": "34.140.28.215",
            "fleet": [],
            "gateway_api_config": [],
            "id": "projects/tennis-registration/locations/europe-west1/clusters/my-new-cluster",
            "identity_service_config": [],
            "initial_node_count": 1,
            "ip_allocation_policy": [
              {
                "additional_pod_ranges_config": [],
                "cluster_ipv4_cidr_block": "10.100.0.0/14",
                "cluster_secondary_range_name": "gke-my-new-cluster-pods-6c8ef9bc",
                "pod_cidr_overprovision_config": [
                  {
                    "disabled": false
                  }
                ],
                "services_ipv4_cidr_block": "34.118.224.0/20",
                "services_secondary_range_name": "",
                "stack_type": "IPV4"
              }
            ],
            "label_fingerprint": "a9dc16a7",
            "location": "europe-west1",
            "logging_config": [
              {
                "enable_components": [
                  "SYSTEM_COMPONENTS",
                  "WORKLOADS"
                ]
              }
            ],
            "logging_service": "logging.googleapis.com/kubernetes",
            "maintenance_policy": [],
            "master_auth": [
              {
                "client_certificate": "",
                "client_certificate_config": [
                  {
                    "issue_client_certificate": false
                  }
                ],
                "client_key": "",
                "cluster_ca_certificate": "LS0tLS1CRUdJTiBDRVJUSUZJQ0FURS0tLS0tCk1JSUVMRENDQXBTZ0F3SUJBZ0lRRmtPaXU4dmVscVppTGM4dFJJQ1I3ekFOQmdrcWhraUc5dzBCQVFzRkFEQXYKTVMwd0t3WURWUVFERXlReVpUbGxNV1pqT1MxaE9UUXdMVFF6TW1NdE9HWmtaQzA1TUdVelpEZzBNelZsWkdJdwpJQmNOTWpRd09ERXpNRGN6TkRVM1doZ1BNakExTkRBNE1EWXdPRE0wTlRkYU1DOHhMVEFyQmdOVkJBTVRKREpsCk9XVXhabU01TFdFNU5EQXRORE15WXkwNFptUmtMVGt3WlROa09EUXpOV1ZrWWpDQ0FhSXdEUVlKS29aSWh2Y04KQVFFQkJRQURnZ0dQQURDQ0FZb0NnZ0dCQUxQc3Q3RXRiL1lsT0pXVHUvTytlbCtrY09EUzVPaDQ0aDA3THZiSwpxSTJYVmF2M1o4cW9hL3Fvd1BTSDBtb3NCMDd6UVhCRE5URzhNZ2h4cC9jUDVDM29iYWJ4WjI0aytRUzZ4clY3CjNPeEczYXBaRitGc3RZQU1WVVdGR2NwTlRBbHN0MWJWZThDZy9hV21VQmh3TmY2cmQ0Z2VyZ1FhdjVpZHN2T1UKRTdNbXVDU1o5cmdoMU1HRVZaMnpncHlhcloxMyt3Vkl4YzA4eWQvbXJaVzlHZENsSWFnR1VEWk15MHlIcVd2ZgpJNFdSLzZBdjIwSjBaelFjN2haUitpaGlTQWNCVzlkZWQ3b0hhN0liak5raS84UlQ0dWtWa3V0eFRzZEdhd3JPCkRaaUlJY1FzWFFQVloyYTJvajEyVER0OUhyU3BxdTFNNWVGMmFiMGhLa1RKV25ZcVRIazFrYUkzRjdVMHVVRlAKaGg4cWVHRENkRzNQcDRDQXc0Mng5ZlVQRXQycTZJdFp3RG0yQlcxSFR4eVJzQ25EeCtCL2JBRkpBSmxGZFZjQQp2c1JUTmh4eFhvbjlvaGF2cnB2ZHJBaDhYWEVBTVpEY0xIU1pGWU16bDlKN1F3YVdoWjNnTndNK3Y0NjZJbVR3CkxHQnozVjR4VUt6a21vdHJ3YlduS2ZBRVhRSURBUUFCbzBJd1FEQU9CZ05WSFE4QkFmOEVCQU1DQWdRd0R3WUQKVlIwVEFRSC9CQVV3QXdFQi96QWRCZ05WSFE0RUZnUVVwUnBBaHFIMFhWNmwwbzN1NThMS0NBdFdBTXd3RFFZSgpLb1pJaHZjTkFRRUxCUUFEZ2dHQkFBcW1nYUFCT3FNYUJ4Q1VSNTU4TW9WSERybGRzRktoNDRsMnRJUVJqcVdiCnFpMEFWVXUrcHE4TUtTS0RyOFh3Qk5vQWxKVko3WWp1REhZVXJqSUV1N0F2M3Z2NitrY0w4dzFRVHhrd2tKYmkKNWpXVGF5eHkvVGsvanZxWkN0cWUxV2lWV3YzcVVQSVgrRS9COXl1ZmNJVXFBc0tJWVdPSVBRRFJvR09QanIvcApHNDFlUGMyL0NIR2g5ZkJzd2NJVUYvWHJRMEpJdjNUQlFMZ3U0UDliSlV3QkNSYkorRXFEZjEwTnVQYkx1YnV1CmFCekVGM0xyUzBGMkhNeDZORExpNzd0L0JqOUNWd2xrRTZnbHNaZkpHWXFQdFpyRFpBSE51RUVENmdzVW1KL0EKVm9PS0VRUmFrNDlyNElWMExDTUhlUlNHV0h1ZjhwUDNUdDlIL0RMWW1oV3B0UzRPUm9HZHBjRWVtVEZwM0orSApkWDh3bTEvZmlXS1hIV1hqOEFiUXVqNVQ2aENuYytIVGNGa3RUSHVOSVpCUE03RkNpVTQxRlNSZkxVNXFYdzBLCkpzNzNOTWVpNGRjR0xIYzI3SUllSlJWQzNwNnRqbHdhYWU5MUtVazBKSFlzYlFXNVMvYzJvYVVsNUFLdW81Ly8KZ3E3VTQ5WGZvcXRqZEhkYjVDQlVHUT09Ci0tLS0tRU5EIENFUlRJRklDQVRFLS0tLS0K"
              }
            ],
            "master_authorized_networks_config": [],
            "master_version": "1.29.6-gke.1326000",
            "mesh_certificates": [],
            "min_master_version": null,
            "monitoring_config": [
              {
                "advanced_datapath_observability_config": [
                  {
                    "enable_metrics": false,
                    "enable_relay": false,
                    "relay_mode": "DISABLED"
                  }
                ],
                "enable_components": [
                  "SYSTEM_COMPONENTS",
                  "HPA",
                  "POD",
                  "DAEMONSET",
                  "DEPLOYMENT",
                  "STATEFULSET",
                  "STORAGE",
                  "CADVISOR",
                  "KUBELET"
                ],
                "managed_prometheus": [
                  {
                    "enabled": true
                  }
                ]
              }
            ],
            "monitoring_service": "monitoring.googleapis.com/kubernetes",
            "name": "my-new-cluster",
            "network": "projects/tennis-registration/global/networks/default",
            "network_policy": [
              {
                "enabled": false,
                "provider": "PROVIDER_UNSPECIFIED"
              }
            ],
            "networking_mode": "VPC_NATIVE",
            "node_config": [
              {
                "advanced_machine_features": [],
                "boot_disk_kms_key": "",
                "confidential_nodes": [],
                "containerd_config": [],
                "disk_size_gb": 30,
                "disk_type": "pd-balanced",
                "effective_taints": [],
                "enable_confidential_storage": false,
                "ephemeral_storage_local_ssd_config": [],
                "fast_socket": [],
                "gcfs_config": [],
                "guest_accelerator": [],
                "gvnic": [],
                "host_maintenance_policy": [],
                "image_type": "COS_CONTAINERD",
                "kubelet_config": [],
                "labels": {},
                "linux_node_config": [],
                "local_nvme_ssd_block_config": [],
                "local_ssd_count": 0,
                "logging_variant": "DEFAULT",
                "machine_type": "e2-medium",
                "metadata": {
                  "disable-legacy-endpoints": "true"
                },
                "min_cpu_platform": "",
                "node_group": "",
                "oauth_scopes": [
                  "https://www.googleapis.com/auth/devstorage.read_only",
                  "https://www.googleapis.com/auth/logging.write",
                  "https://www.googleapis.com/auth/monitoring",
                  "https://www.googleapis.com/auth/service.management.readonly",
                  "https://www.googleapis.com/auth/servicecontrol",
                  "https://www.googleapis.com/auth/trace.append"
                ],
                "preemptible": true,
                "reservation_affinity": [],
                "resource_labels": null,
                "resource_manager_tags": null,
                "secondary_boot_disks": [],
                "service_account": "default",
                "shielded_instance_config": [
                  {
                    "enable_integrity_monitoring": true,
                    "enable_secure_boot": false
                  }
                ],
                "sole_tenant_config": [],
                "spot": false,
                "tags": null,
                "taint": [],
                "workload_metadata_config": []
              }
            ],
            "node_locations": [
              "europe-west1-b",
              "europe-west1-c",
              "europe-west1-d"
            ],
            "node_pool": [
              {
                "autoscaling": [],
                "initial_node_count": 1,
                "instance_group_urls": [
                  "https://www.googleapis.com/compute/v1/projects/tennis-registration/zones/europe-west1-c/instanceGroupManagers/gke-my-new-cluster-default-pool-bcb6990f-grp",
                  "https://www.googleapis.com/compute/v1/projects/tennis-registration/zones/europe-west1-b/instanceGroupManagers/gke-my-new-cluster-default-pool-8429150e-grp",
                  "https://www.googleapis.com/compute/v1/projects/tennis-registration/zones/europe-west1-d/instanceGroupManagers/gke-my-new-cluster-default-pool-7d834533-grp"
                ],
                "managed_instance_group_urls": [
                  "https://www.googleapis.com/compute/v1/projects/tennis-registration/zones/europe-west1-c/instanceGroups/gke-my-new-cluster-default-pool-bcb6990f-grp",
                  "https://www.googleapis.com/compute/v1/projects/tennis-registration/zones/europe-west1-b/instanceGroups/gke-my-new-cluster-default-pool-8429150e-grp",
                  "https://www.googleapis.com/compute/v1/projects/tennis-registration/zones/europe-west1-d/instanceGroups/gke-my-new-cluster-default-pool-7d834533-grp"
                ],
                "management": [
                  {
                    "auto_repair": true,
                    "auto_upgrade": true
                  }
                ],
                "max_pods_per_node": 110,
                "name": "default-pool",
                "name_prefix": "",
                "network_config": [
                  {
                    "additional_node_network_configs": [],
                    "additional_pod_network_configs": [],
                    "create_pod_range": false,
                    "enable_private_nodes": false,
                    "network_performance_config": [],
                    "pod_cidr_overprovision_config": [],
                    "pod_ipv4_cidr_block": "10.100.0.0/14",
                    "pod_range": "gke-my-new-cluster-pods-6c8ef9bc"
                  }
                ],
                "node_config": [
                  {
                    "advanced_machine_features": [],
                    "boot_disk_kms_key": "",
                    "confidential_nodes": [],
                    "containerd_config": [],
                    "disk_size_gb": 30,
                    "disk_type": "pd-balanced",
                    "effective_taints": [],
                    "enable_confidential_storage": false,
                    "ephemeral_storage_local_ssd_config": [],
                    "fast_socket": [],
                    "gcfs_config": [],
                    "guest_accelerator": [],
                    "gvnic": [],
                    "host_maintenance_policy": [],
                    "image_type": "COS_CONTAINERD",
                    "kubelet_config": [],
                    "labels": {},
                    "linux_node_config": [],
                    "local_nvme_ssd_block_config": [],
                    "local_ssd_count": 0,
                    "logging_variant": "DEFAULT",
                    "machine_type": "e2-medium",
                    "metadata": {
                      "disable-legacy-endpoints": "true"
                    },
                    "min_cpu_platform": "",
                    "node_group": "",
                    "oauth_scopes": [
                      "https://www.googleapis.com/auth/devstorage.read_only",
                      "https://www.googleapis.com/auth/logging.write",
                      "https://www.googleapis.com/auth/monitoring",
                      "https://www.googleapis.com/auth/service.management.readonly",
                      "https://www.googleapis.com/auth/servicecontrol",
                      "https://www.googleapis.com/auth/trace.append"
                    ],
                    "preemptible": true,
                    "reservation_affinity": [],
                    "resource_labels": {},
                    "resource_manager_tags": {},
                    "secondary_boot_disks": [],
                    "service_account": "default",
                    "shielded_instance_config": [
                      {
                        "enable_integrity_monitoring": true,
                        "enable_secure_boot": false
                      }
                    ],
                    "sole_tenant_config": [],
                    "spot": false,
                    "tags": [],
                    "taint": [],
                    "workload_metadata_config": []
                  }
                ],
                "node_count": 1,
                "node_locations": [
                  "europe-west1-b",
                  "europe-west1-c",
                  "europe-west1-d"
                ],
                "placement_policy": [],
                "queued_provisioning": [],
                "upgrade_settings": [
                  {
                    "blue_green_settings": [],
                    "max_surge": 1,
                    "max_unavailable": 0,
                    "strategy": "SURGE"
                  }
                ],
                "version": "1.29.6-gke.1326000"
              }
            ],
            "node_pool_auto_config": [],
            "node_pool_defaults": [
              {
                "node_config_defaults": [
                  {
                    "containerd_config": [],
                    "logging_variant": "DEFAULT"
                  }
                ]
              }
            ],
            "node_version": "1.29.6-gke.1326000",
            "notification_config": [
              {
                "pubsub": [
                  {
                    "enabled": false,
                    "filter": [],
                    "topic": ""
                  }
                ]
              }
            ],
            "operation": null,
            "private_cluster_config": [
              {
                "enable_private_endpoint": false,
                "enable_private_nodes": false,
                "master_global_access_config": [
                  {
                    "enabled": false
                  }
                ],
                "master_ipv4_cidr_block": "",
                "peering_name": "",
                "private_endpoint": "10.132.0.21",
                "private_endpoint_subnetwork": "",
                "public_endpoint": "34.140.28.215"
              }
            ],
            "private_ipv6_google_access": "",
            "project": "tennis-registration",
            "release_channel": [
              {
                "channel": "REGULAR"
              }
            ],
            "remove_default_node_pool": null,
            "resource_labels": null,
            "resource_usage_export_config": [],
            "security_posture_config": [
              {
                "mode": "BASIC",
                "vulnerability_mode": "VULNERABILITY_MODE_UNSPECIFIED"
              }
            ],
            "self_link": "https://container.googleapis.com/v1/projects/tennis-registration/locations/europe-west1/clusters/my-new-cluster",
            "service_external_ips_config": [
              {
                "enabled": false
              }
            ],
            "services_ipv4_cidr": "34.118.224.0/20",
            "subnetwork": "projects/tennis-registration/regions/europe-west1/subnetworks/default",
            "timeouts": null,
            "tpu_ipv4_cidr_block": "",
            "vertical_pod_autoscaling": [],
            "workload_identity_config": []
          },
          "sensitive_attributes": [
            [
              {
                "type": "get_attr",
                "value": "master_auth"
              },
              {
                "type": "index",
                "value": {
                  "value": 0,
                  "type": "number"
                }
              },
              {
                "type": "get_attr",
                "value": "client_key"
              }
            ]
          ],
          "private": "eyJlMmJmYjczMC1lY2FhLTExZTYtOGY4OC0zNDM2M2JjN2M0YzAiOnsiY3JlYXRlIjoyNDAwMDAwMDAwMDAwLCJkZWxldGUiOjI0MDAwMDAwMDAwMDAsInJlYWQiOjI0MDAwMDAwMDAwMDAsInVwZGF0ZSI6MzYwMDAwMDAwMDAwMH0sInNjaGVtYV92ZXJzaW9uIjoiMiJ9"
        }
      ]
    }
  ],
  "check_results": null
}
